
Microsoft Visual Studio Solution File, Format Version 12.00
# Visual Studio 15
VisualStudioVersion = 15.0.27428.2002
MinimumVisualStudioVersion = 10.0.40219.1
Project("{FAE04EC0-301F-11D3-BF4B-00C04F79EFBC}") = "SportsStore.Domain", "SportsStore.Domain\SportsStore.Domain.csproj", "{02AC2F33-CD15-41CA-84E5-7BE56DF31F7A}"
EndProject
Project("{FAE04EC0-301F-11D3-BF4B-00C04F79EFBC}") = "SportsStore.KendoUI", "SportsStore.KendoUI\SportsStore.KendoUI.csproj", "{FFF5AA5E-F321-4A97-BB63-2485AC131518}"
EndProject
Project("{FAE04EC0-301F-11D3-BF4B-00C04F79EFBC}") = "SportsStore.WebUI", "SportsStore.WebUI\SportsStore.WebUI.csproj", "{3DA045D0-B820-432E-813B-0119D7FFFB79}"
EndProject
Project("{FAE04EC0-301F-11D3-BF4B-00C04F79EFBC}") = "SportsStoreWFA", "SportsStoreWFA\SportsStoreWFA.csproj", "{75FD12AD-7330-41D0-9E48-5F4DE614EB43}"
EndProject
Global
	GlobalSection(SolutionConfigurationPlatforms) = preSolution
		Debug|Any CPU = Debug|Any CPU
		Release|Any CPU = Release|Any CPU
	EndGlobalSection
	GlobalSection(ProjectConfigurationPlatforms) = postSolution
		{02AC2F33-CD15-41CA-84E5-7BE56DF31F7A}.Debug|Any CPU.ActiveCfg = Debug|Any CPU
		{02AC2F33-CD15-41CA-84E5-7BE56DF31F7A}.Debug|Any CPU.Build.0 = Debug|Any CPU
		{02AC2F33-CD15-41CA-84E5-7BE56DF31F7A}.Release|Any CPU.ActiveCfg = Release|Any CPU
		{02AC2F33-CD15-41CA-84E5-7BE56DF31F7A}.Release|Any CPU.Build.0 = Release|Any CPU
		{FFF5AA5E-F321-4A97-BB63-2485AC131518}.Debug|Any CPU.ActiveCfg = Debug|Any CPU
		{FFF5AA5E-F321-4A97-BB63-2485AC131518}.Debug|Any CPU.Build.0 = Debug|Any CPU
		{FFF5AA5E-F321-4A97-BB63-2485AC131518}.Release|Any CPU.ActiveCfg = Release|Any CPU
		{FFF5AA5E-F321-4A97-BB63-2485AC131518}.Release|Any CPU.Build.0 = Release|Any CPU
		{3DA045D0-B820-432E-813B-0119D7FFFB79}.Debug|Any CPU.ActiveCfg = Debug|Any CPU
		{3DA045D0-B820-432E-813B-0119D7FFFB79}.Debug|Any CPU.Build.0 = Debug|Any CPU
		{3DA045D0-B820-432E-813B-0119D7FFFB79}.Release|Any CPU.ActiveCfg = Release|Any CPU
		{3DA045D0-B820-432E-813B-0119D7FFFB79}.Release|Any CPU.Build.0 = Release|Any CPU
		{75FD12AD-7330-41D0-9E48-5F4DE614EB43}.Debug|Any CPU.ActiveCfg = Debug|Any CPU
		{75FD12AD-7330-41D0-9E48-5F4DE614EB43}.Debug|Any CPU.Build.0 = Debug|Any CPU
		{75FD12AD-7330-41D0-9E48-5F4DE614EB43}.Release|Any CPU.ActiveCfg = Release|Any CPU
		{75FD12AD-7330-41D0-9E48-5F4DE614EB43}.Release|Any CPU.Build.0 = Release|Any CPU
	EndGlobalSection
	GlobalSection(SolutionProperties) = preSolution
		HideSolutionNode = FALSE
	EndGlobalSection
	GlobalSection(ExtensibilityGlobals) = postSolution
		SolutionGuid = {28068E91-7218-483A-8FE1-89C445666B7E}
	EndGlobalSection
EndGlobal
